
Microsoft Visual Studio Solution File, Format Version 12.00
# Visual Studio Version 17
VisualStudioVersion = 17.0.31903.59
MinimumVisualStudioVersion = 10.0.40219.1
Project("{FAE04EC0-301F-11D3-BF4B-00C04F79EFBC}") = "FileFlux", "src\FileFlux\FileFlux.csproj", "{7DEB3C5D-2163-40B5-9259-C7B2C0BA643B}"
EndProject
Project("{FAE04EC0-301F-11D3-BF4B-00C04F79EFBC}") = "FileFlux.Tests", "tests\FileFlux.Tests\FileFlux.Tests.csproj", "{E9FF2502-8AF8-45DC-8246-86753542B788}"
EndProject
Project("{FAE04EC0-301F-11D3-BF4B-00C04F79EFBC}") = "FileFlux.SampleApp", "samples\FileFlux.SampleApp\FileFlux.SampleApp.csproj", "{A818B454-5265-411E-8999-035C36256C3E}"
EndProject
Project("{FAE04EC0-301F-11D3-BF4B-00C04F79EFBC}") = "FileFlux.CLI", "cli\FileFlux.CLI.csproj", "{DA9AD4D4-7294-8633-C775-6AAD0F661F1E}"
EndProject
Global
	GlobalSection(SolutionConfigurationPlatforms) = preSolution
		Debug|Any CPU = Debug|Any CPU
		Debug|x64 = Debug|x64
		Debug|x86 = Debug|x86
		Release|Any CPU = Release|Any CPU
		Release|x64 = Release|x64
		Release|x86 = Release|x86
	EndGlobalSection
	GlobalSection(ProjectConfigurationPlatforms) = postSolution
		{7DEB3C5D-2163-40B5-9259-C7B2C0BA643B}.Debug|Any CPU.ActiveCfg = Debug|Any CPU
		{7DEB3C5D-2163-40B5-9259-C7B2C0BA643B}.Debug|Any CPU.Build.0 = Debug|Any CPU
		{7DEB3C5D-2163-40B5-9259-C7B2C0BA643B}.Debug|x64.ActiveCfg = Debug|Any CPU
		{7DEB3C5D-2163-40B5-9259-C7B2C0BA643B}.Debug|x64.Build.0 = Debug|Any CPU
		{7DEB3C5D-2163-40B5-9259-C7B2C0BA643B}.Debug|x86.ActiveCfg = Debug|Any CPU
		{7DEB3C5D-2163-40B5-9259-C7B2C0BA643B}.Debug|x86.Build.0 = Debug|Any CPU
		{7DEB3C5D-2163-40B5-9259-C7B2C0BA643B}.Release|Any CPU.ActiveCfg = Release|Any CPU
		{7DEB3C5D-2163-40B5-9259-C7B2C0BA643B}.Release|Any CPU.Build.0 = Release|Any CPU
		{7DEB3C5D-2163-40B5-9259-C7B2C0BA643B}.Release|x64.ActiveCfg = Release|Any CPU
		{7DEB3C5D-2163-40B5-9259-C7B2C0BA643B}.Release|x64.Build.0 = Release|Any CPU
		{7DEB3C5D-2163-40B5-9259-C7B2C0BA643B}.Release|x86.ActiveCfg = Release|Any CPU
		{7DEB3C5D-2163-40B5-9259-C7B2C0BA643B}.Release|x86.Build.0 = Release|Any CPU
		{E9FF2502-8AF8-45DC-8246-86753542B788}.Debug|Any CPU.ActiveCfg = Debug|Any CPU
		{E9FF2502-8AF8-45DC-8246-86753542B788}.Debug|Any CPU.Build.0 = Debug|Any CPU
		{E9FF2502-8AF8-45DC-8246-86753542B788}.Debug|x64.ActiveCfg = Debug|Any CPU
		{E9FF2502-8AF8-45DC-8246-86753542B788}.Debug|x64.Build.0 = Debug|Any CPU
		{E9FF2502-8AF8-45DC-8246-86753542B788}.Debug|x86.ActiveCfg = Debug|Any CPU
		{E9FF2502-8AF8-45DC-8246-86753542B788}.Debug|x86.Build.0 = Debug|Any CPU
		{E9FF2502-8AF8-45DC-8246-86753542B788}.Release|Any CPU.ActiveCfg = Release|Any CPU
		{E9FF2502-8AF8-45DC-8246-86753542B788}.Release|Any CPU.Build.0 = Release|Any CPU
		{E9FF2502-8AF8-45DC-8246-86753542B788}.Release|x64.ActiveCfg = Release|Any CPU
		{E9FF2502-8AF8-45DC-8246-86753542B788}.Release|x64.Build.0 = Release|Any CPU
		{E9FF2502-8AF8-45DC-8246-86753542B788}.Release|x86.ActiveCfg = Release|Any CPU
		{E9FF2502-8AF8-45DC-8246-86753542B788}.Release|x86.Build.0 = Release|Any CPU
		{A818B454-5265-411E-8999-035C36256C3E}.Debug|Any CPU.ActiveCfg = Debug|Any CPU
		{A818B454-5265-411E-8999-035C36256C3E}.Debug|Any CPU.Build.0 = Debug|Any CPU
		{A818B454-5265-411E-8999-035C36256C3E}.Debug|x64.ActiveCfg = Debug|Any CPU
		{A818B454-5265-411E-8999-035C36256C3E}.Debug|x64.Build.0 = Debug|Any CPU
		{A818B454-5265-411E-8999-035C36256C3E}.Debug|x86.ActiveCfg = Debug|Any CPU
		{A818B454-5265-411E-8999-035C36256C3E}.Debug|x86.Build.0 = Debug|Any CPU
		{A818B454-5265-411E-8999-035C36256C3E}.Release|Any CPU.ActiveCfg = Release|Any CPU
		{A818B454-5265-411E-8999-035C36256C3E}.Release|Any CPU.Build.0 = Release|Any CPU
		{A818B454-5265-411E-8999-035C36256C3E}.Release|x64.ActiveCfg = Release|Any CPU
		{A818B454-5265-411E-8999-035C36256C3E}.Release|x64.Build.0 = Release|Any CPU
		{A818B454-5265-411E-8999-035C36256C3E}.Release|x86.ActiveCfg = Release|Any CPU
		{A818B454-5265-411E-8999-035C36256C3E}.Release|x86.Build.0 = Release|Any CPU
		{DA9AD4D4-7294-8633-C775-6AAD0F661F1E}.Debug|Any CPU.ActiveCfg = Debug|Any CPU
		{DA9AD4D4-7294-8633-C775-6AAD0F661F1E}.Debug|Any CPU.Build.0 = Debug|Any CPU
		{DA9AD4D4-7294-8633-C775-6AAD0F661F1E}.Debug|x64.ActiveCfg = Debug|Any CPU
		{DA9AD4D4-7294-8633-C775-6AAD0F661F1E}.Debug|x64.Build.0 = Debug|Any CPU
		{DA9AD4D4-7294-8633-C775-6AAD0F661F1E}.Debug|x86.ActiveCfg = Debug|Any CPU
		{DA9AD4D4-7294-8633-C775-6AAD0F661F1E}.Debug|x86.Build.0 = Debug|Any CPU
		{DA9AD4D4-7294-8633-C775-6AAD0F661F1E}.Release|Any CPU.ActiveCfg = Release|Any CPU
		{DA9AD4D4-7294-8633-C775-6AAD0F661F1E}.Release|Any CPU.Build.0 = Release|Any CPU
		{DA9AD4D4-7294-8633-C775-6AAD0F661F1E}.Release|x64.ActiveCfg = Release|Any CPU
		{DA9AD4D4-7294-8633-C775-6AAD0F661F1E}.Release|x64.Build.0 = Release|Any CPU
		{DA9AD4D4-7294-8633-C775-6AAD0F661F1E}.Release|x86.ActiveCfg = Release|Any CPU
		{DA9AD4D4-7294-8633-C775-6AAD0F661F1E}.Release|x86.Build.0 = Release|Any CPU
	EndGlobalSection
	GlobalSection(SolutionProperties) = preSolution
		HideSolutionNode = FALSE
	EndGlobalSection
	GlobalSection(ExtensibilityGlobals) = postSolution
		SolutionGuid = {F3954B04-59FA-4DA8-A4E4-2A529D9C3264}
	EndGlobalSection
EndGlobal
